// !$*UTF8*$!
{
	archiveVersion = 1;
	classes = {
	};
	objectVersion = 56;
	objects = {

/* Begin PBXBuildFile section */
		284902E12C92120400CC09A3 /* FamilyPurchasesAppApp.swift in Sources */ = {isa = PBXBuildFile; fileRef = 284902E02C92120400CC09A3 /* FamilyPurchasesAppApp.swift */; };
		284902E52C92120500CC09A3 /* Assets.xcassets in Resources */ = {isa = PBXBuildFile; fileRef = 284902E42C92120500CC09A3 /* Assets.xcassets */; };
		284902E82C92120500CC09A3 /* Preview Assets.xcassets in Resources */ = {isa = PBXBuildFile; fileRef = 284902E72C92120500CC09A3 /* Preview Assets.xcassets */; };
		284902F32C92177A00CC09A3 /* Family.swift in Sources */ = {isa = PBXBuildFile; fileRef = 284902F22C92177A00CC09A3 /* Family.swift */; };
		284902F52C92179000CC09A3 /* Purchase.swift in Sources */ = {isa = PBXBuildFile; fileRef = 284902F42C92179000CC09A3 /* Purchase.swift */; };
		284902FE2C92233500CC09A3 /* PurchasesView.swift in Sources */ = {isa = PBXBuildFile; fileRef = 284902FD2C92233500CC09A3 /* PurchasesView.swift */; };
		28E42D452C934B6D0026F85F /* FamiliesOverviewView.swift in Sources */ = {isa = PBXBuildFile; fileRef = 28E42D442C934B6D0026F85F /* FamiliesOverviewView.swift */; };
		28E42D492C9362150026F85F /* Report.swift in Sources */ = {isa = PBXBuildFile; fileRef = 28E42D482C9362150026F85F /* Report.swift */; };
		28E42D4B2C93631E0026F85F /* ReportsDatabase.swift in Sources */ = {isa = PBXBuildFile; fileRef = 28E42D4A2C93631E0026F85F /* ReportsDatabase.swift */; };
		28E42D4D2C9364040026F85F /* ReportDetailView.swift in Sources */ = {isa = PBXBuildFile; fileRef = 28E42D4C2C9364040026F85F /* ReportDetailView.swift */; };
		28E42D4F2C93803F0026F85F /* SummaryModalView.swift in Sources */ = {isa = PBXBuildFile; fileRef = 28E42D4E2C93803F0026F85F /* SummaryModalView.swift */; };
/* End PBXBuildFile section */

/* Begin PBXFileReference section */
		284902DD2C92120400CC09A3 /* FamilyPurchasesApp.app */ = {isa = PBXFileReference; explicitFileType = wrapper.application; includeInIndex = 0; path = FamilyPurchasesApp.app; sourceTree = BUILT_PRODUCTS_DIR; };
		284902E02C92120400CC09A3 /* FamilyPurchasesAppApp.swift */ = {isa = PBXFileReference; lastKnownFileType = sourcecode.swift; path = FamilyPurchasesAppApp.swift; sourceTree = "<group>"; };
		284902E42C92120500CC09A3 /* Assets.xcassets */ = {isa = PBXFileReference; lastKnownFileType = folder.assetcatalog; path = Assets.xcassets; sourceTree = "<group>"; };
		284902E72C92120500CC09A3 /* Preview Assets.xcassets */ = {isa = PBXFileReference; lastKnownFileType = folder.assetcatalog; path = "Preview Assets.xcassets"; sourceTree = "<group>"; };
		284902F22C92177A00CC09A3 /* Family.swift */ = {isa = PBXFileReference; lastKnownFileType = sourcecode.swift; path = Family.swift; sourceTree = "<group>"; };
		284902F42C92179000CC09A3 /* Purchase.swift */ = {isa = PBXFileReference; lastKnownFileType = sourcecode.swift; path = Purchase.swift; sourceTree = "<group>"; };
		284902FD2C92233500CC09A3 /* PurchasesView.swift */ = {isa = PBXFileReference; lastKnownFileType = sourcecode.swift; path = PurchasesView.swift; sourceTree = "<group>"; };
		28E42D442C934B6D0026F85F /* FamiliesOverviewView.swift */ = {isa = PBXFileReference; lastKnownFileType = sourcecode.swift; path = FamiliesOverviewView.swift; sourceTree = "<group>"; };
		28E42D482C9362150026F85F /* Report.swift */ = {isa = PBXFileReference; lastKnownFileType = sourcecode.swift; path = Report.swift; sourceTree = "<group>"; };
		28E42D4A2C93631E0026F85F /* ReportsDatabase.swift */ = {isa = PBXFileReference; lastKnownFileType = sourcecode.swift; path = ReportsDatabase.swift; sourceTree = "<group>"; };
		28E42D4C2C9364040026F85F /* ReportDetailView.swift */ = {isa = PBXFileReference; lastKnownFileType = sourcecode.swift; path = ReportDetailView.swift; sourceTree = "<group>"; };
		28E42D4E2C93803F0026F85F /* SummaryModalView.swift */ = {isa = PBXFileReference; lastKnownFileType = sourcecode.swift; path = SummaryModalView.swift; sourceTree = "<group>"; };
/* End PBXFileReference section */

/* Begin PBXFrameworksBuildPhase section */
		284902DA2C92120400CC09A3 /* Frameworks */ = {
			isa = PBXFrameworksBuildPhase;
			buildActionMask = 2147483647;
			files = (
			);
			runOnlyForDeploymentPostprocessing = 0;
		};
/* End PBXFrameworksBuildPhase section */

/* Begin PBXGroup section */
		284902D42C92120400CC09A3 = {
			isa = PBXGroup;
			children = (
				284902DF2C92120400CC09A3 /* FamilyPurchasesApp */,
				284902DE2C92120400CC09A3 /* Products */,
			);
			sourceTree = "<group>";
		};
		284902DE2C92120400CC09A3 /* Products */ = {
			isa = PBXGroup;
			children = (
				284902DD2C92120400CC09A3 /* FamilyPurchasesApp.app */,
			);
			name = Products;
			sourceTree = "<group>";
		};
		284902DF2C92120400CC09A3 /* FamilyPurchasesApp */ = {
			isa = PBXGroup;
			children = (
				28E42D412C934B0F0026F85F /* Database */,
				284902F62C9217E200CC09A3 /* Views */,
				284902F02C92175400CC09A3 /* Models */,
				284902E02C92120400CC09A3 /* FamilyPurchasesAppApp.swift */,
				284902E42C92120500CC09A3 /* Assets.xcassets */,
				284902E62C92120500CC09A3 /* Preview Content */,
			);
			path = FamilyPurchasesApp;
			sourceTree = "<group>";
		};
		284902E62C92120500CC09A3 /* Preview Content */ = {
			isa = PBXGroup;
			children = (
				284902E72C92120500CC09A3 /* Preview Assets.xcassets */,
			);
			path = "Preview Content";
			sourceTree = "<group>";
		};
		284902F02C92175400CC09A3 /* Models */ = {
			isa = PBXGroup;
			children = (
				284902F22C92177A00CC09A3 /* Family.swift */,
				284902F42C92179000CC09A3 /* Purchase.swift */,
				28E42D482C9362150026F85F /* Report.swift */,
			);
			path = Models;
			sourceTree = "<group>";
		};
		284902F62C9217E200CC09A3 /* Views */ = {
			isa = PBXGroup;
			children = (
				284902FD2C92233500CC09A3 /* PurchasesView.swift */,
				28E42D442C934B6D0026F85F /* FamiliesOverviewView.swift */,
				28E42D4C2C9364040026F85F /* ReportDetailView.swift */,
				28E42D4E2C93803F0026F85F /* SummaryModalView.swift */,
			);
			path = Views;
			sourceTree = "<group>";
		};
		28E42D412C934B0F0026F85F /* Database */ = {
			isa = PBXGroup;
			children = (
				28E42D4A2C93631E0026F85F /* ReportsDatabase.swift */,
			);
			path = Database;
			sourceTree = "<group>";
		};
/* End PBXGroup section */

/* Begin PBXNativeTarget section */
		284902DC2C92120400CC09A3 /* FamilyPurchasesApp */ = {
			isa = PBXNativeTarget;
			buildConfigurationList = 284902EB2C92120500CC09A3 /* Build configuration list for PBXNativeTarget "FamilyPurchasesApp" */;
			buildPhases = (
				284902D92C92120400CC09A3 /* Sources */,
				284902DA2C92120400CC09A3 /* Frameworks */,
				284902DB2C92120400CC09A3 /* Resources */,
			);
			buildRules = (
			);
			dependencies = (
			);
			name = FamilyPurchasesApp;
			productName = FamilyPurchasesApp;
			productReference = 284902DD2C92120400CC09A3 /* FamilyPurchasesApp.app */;
			productType = "com.apple.product-type.application";
		};
/* End PBXNativeTarget section */

/* Begin PBXProject section */
		284902D52C92120400CC09A3 /* Project object */ = {
			isa = PBXProject;
			attributes = {
				BuildIndependentTargetsInParallel = 1;
				LastSwiftUpdateCheck = 1540;
				LastUpgradeCheck = 1540;
				TargetAttributes = {
					284902DC2C92120400CC09A3 = {
						CreatedOnToolsVersion = 15.4;
					};
				};
			};
			buildConfigurationList = 284902D82C92120400CC09A3 /* Build configuration list for PBXProject "FamilyPurchasesApp" */;
			compatibilityVersion = "Xcode 14.0";
			developmentRegion = en;
			hasScannedForEncodings = 0;
			knownRegions = (
				en,
				Base,
			);
			mainGroup = 284902D42C92120400CC09A3;
			productRefGroup = 284902DE2C92120400CC09A3 /* Products */;
			projectDirPath = "";
			projectRoot = "";
			targets = (
				284902DC2C92120400CC09A3 /* FamilyPurchasesApp */,
			);
		};
/* End PBXProject section */

/* Begin PBXResourcesBuildPhase section */
		284902DB2C92120400CC09A3 /* Resources */ = {
			isa = PBXResourcesBuildPhase;
			buildActionMask = 2147483647;
			files = (
				284902E82C92120500CC09A3 /* Preview Assets.xcassets in Resources */,
				284902E52C92120500CC09A3 /* Assets.xcassets in Resources */,
			);
			runOnlyForDeploymentPostprocessing = 0;
		};
/* End PBXResourcesBuildPhase section */

/* Begin PBXSourcesBuildPhase section */
		284902D92C92120400CC09A3 /* Sources */ = {
			isa = PBXSourcesBuildPhase;
			buildActionMask = 2147483647;
			files = (
				28E42D4F2C93803F0026F85F /* SummaryModalView.swift in Sources */,
				284902F52C92179000CC09A3 /* Purchase.swift in Sources */,
				28E42D452C934B6D0026F85F /* FamiliesOverviewView.swift in Sources */,
				284902F32C92177A00CC09A3 /* Family.swift in Sources */,
				28E42D492C9362150026F85F /* Report.swift in Sources */,
				28E42D4D2C9364040026F85F /* ReportDetailView.swift in Sources */,
				28E42D4B2C93631E0026F85F /* ReportsDatabase.swift in Sources */,
				284902FE2C92233500CC09A3 /* PurchasesView.swift in Sources */,
				284902E12C92120400CC09A3 /* FamilyPurchasesAppApp.swift in Sources */,
			);
			runOnlyForDeploymentPostprocessing = 0;
		};
/* End PBXSourcesBuildPhase section */

/* Begin XCBuildConfiguration section */
		284902E92C92120500CC09A3 /* Debug */ = {
			isa = XCBuildConfiguration;
			buildSettings = {
				ALWAYS_SEARCH_USER_PATHS = NO;
				ASSETCATALOG_COMPILER_GENERATE_SWIFT_ASSET_SYMBOL_EXTENSIONS = YES;
				CLANG_ANALYZER_NONNULL = YES;
				CLANG_ANALYZER_NUMBER_OBJECT_CONVERSION = YES_AGGRESSIVE;
				CLANG_CXX_LANGUAGE_STANDARD = "gnu++20";
				CLANG_ENABLE_MODULES = YES;
				CLANG_ENABLE_OBJC_ARC = YES;
				CLANG_ENABLE_OBJC_WEAK = YES;
				CLANG_WARN_BLOCK_CAPTURE_AUTORELEASING = YES;
				CLANG_WARN_BOOL_CONVERSION = YES;
				CLANG_WARN_COMMA = YES;
				CLANG_WARN_CONSTANT_CONVERSION = YES;
				CLANG_WARN_DEPRECATED_OBJC_IMPLEMENTATIONS = YES;
				CLANG_WARN_DIRECT_OBJC_ISA_USAGE = YES_ERROR;
				CLANG_WARN_DOCUMENTATION_COMMENTS = YES;
				CLANG_WARN_EMPTY_BODY = YES;
				CLANG_WARN_ENUM_CONVERSION = YES;
				CLANG_WARN_INFINITE_RECURSION = YES;
				CLANG_WARN_INT_CONVERSION = YES;
				CLANG_WARN_NON_LITERAL_NULL_CONVERSION = YES;
				CLANG_WARN_OBJC_IMPLICIT_RETAIN_SELF = YES;
				CLANG_WARN_OBJC_LITERAL_CONVERSION = YES;
				CLANG_WARN_OBJC_ROOT_CLASS = YES_ERROR;
				CLANG_WARN_QUOTED_INCLUDE_IN_FRAMEWORK_HEADER = YES;
				CLANG_WARN_RANGE_LOOP_ANALYSIS = YES;
				CLANG_WARN_STRICT_PROTOTYPES = YES;
				CLANG_WARN_SUSPICIOUS_MOVE = YES;
				CLANG_WARN_UNGUARDED_AVAILABILITY = YES_AGGRESSIVE;
				CLANG_WARN_UNREACHABLE_CODE = YES;
				CLANG_WARN__DUPLICATE_METHOD_MATCH = YES;
				COPY_PHASE_STRIP = NO;
				DEBUG_INFORMATION_FORMAT = dwarf;
				ENABLE_STRICT_OBJC_MSGSEND = YES;
				ENABLE_TESTABILITY = YES;
				ENABLE_USER_SCRIPT_SANDBOXING = YES;
				GCC_C_LANGUAGE_STANDARD = gnu17;
				GCC_DYNAMIC_NO_PIC = NO;
				GCC_NO_COMMON_BLOCKS = YES;
				GCC_OPTIMIZATION_LEVEL = 0;
				GCC_PREPROCESSOR_DEFINITIONS = (
					"DEBUG=1",
					"$(inherited)",
				);
				GCC_WARN_64_TO_32_BIT_CONVERSION = YES;
				GCC_WARN_ABOUT_RETURN_TYPE = YES_ERROR;
				GCC_WARN_UNDECLARED_SELECTOR = YES;
				GCC_WARN_UNINITIALIZED_AUTOS = YES_AGGRESSIVE;
				GCC_WARN_UNUSED_FUNCTION = YES;
				GCC_WARN_UNUSED_VARIABLE = YES;
				IPHONEOS_DEPLOYMENT_TARGET = 17.5;
				LOCALIZATION_PREFERS_STRING_CATALOGS = YES;
				MTL_ENABLE_DEBUG_INFO = INCLUDE_SOURCE;
				MTL_FAST_MATH = YES;
				ONLY_ACTIVE_ARCH = YES;
				SDKROOT = iphoneos;
				SWIFT_ACTIVE_COMPILATION_CONDITIONS = "DEBUG $(inherited)";
				SWIFT_OPTIMIZATION_LEVEL = "-Onone";
			};
			name = Debug;
		};
		284902EA2C92120500CC09A3 /* Release */ = {
			isa = XCBuildConfiguration;
			buildSettings = {
				ALWAYS_SEARCH_USER_PATHS = NO;
				ASSETCATALOG_COMPILER_GENERATE_SWIFT_ASSET_SYMBOL_EXTENSIONS = YES;
				CLANG_ANALYZER_NONNULL = YES;
				CLANG_ANALYZER_NUMBER_OBJECT_CONVERSION = YES_AGGRESSIVE;
				CLANG_CXX_LANGUAGE_STANDARD = "gnu++20";
				CLANG_ENABLE_MODULES = YES;
				CLANG_ENABLE_OBJC_ARC = YES;
				CLANG_ENABLE_OBJC_WEAK = YES;
				CLANG_WARN_BLOCK_CAPTURE_AUTORELEASING = YES;
				CLANG_WARN_BOOL_CONVERSION = YES;
				CLANG_WARN_COMMA = YES;
				CLANG_WARN_CONSTANT_CONVERSION = YES;
				CLANG_WARN_DEPRECATED_OBJC_IMPLEMENTATIONS = YES;
				CLANG_WARN_DIRECT_OBJC_ISA_USAGE = YES_ERROR;
				CLANG_WARN_DOCUMENTATION_COMMENTS = YES;
				CLANG_WARN_EMPTY_BODY = YES;
				CLANG_WARN_ENUM_CONVERSION = YES;
				CLANG_WARN_INFINITE_RECURSION = YES;
				CLANG_WARN_INT_CONVERSION = YES;
				CLANG_WARN_NON_LITERAL_NULL_CONVERSION = YES;
				CLANG_WARN_OBJC_IMPLICIT_RETAIN_SELF = YES;
				CLANG_WARN_OBJC_LITERAL_CONVERSION = YES;
				CLANG_WARN_OBJC_ROOT_CLASS = YES_ERROR;
				CLANG_WARN_QUOTED_INCLUDE_IN_FRAMEWORK_HEADER = YES;
				CLANG_WARN_RANGE_LOOP_ANALYSIS = YES;
				CLANG_WARN_STRICT_PROTOTYPES = YES;
				CLANG_WARN_SUSPICIOUS_MOVE = YES;
				CLANG_WARN_UNGUARDED_AVAILABILITY = YES_AGGRESSIVE;
				CLANG_WARN_UNREACHABLE_CODE = YES;
				CLANG_WARN__DUPLICATE_METHOD_MATCH = YES;
				COPY_PHASE_STRIP = NO;
				DEBUG_INFORMATION_FORMAT = "dwarf-with-dsym";
				ENABLE_NS_ASSERTIONS = NO;
				ENABLE_STRICT_OBJC_MSGSEND = YES;
				ENABLE_USER_SCRIPT_SANDBOXING = YES;
				GCC_C_LANGUAGE_STANDARD = gnu17;
				GCC_NO_COMMON_BLOCKS = YES;
				GCC_WARN_64_TO_32_BIT_CONVERSION = YES;
				GCC_WARN_ABOUT_RETURN_TYPE = YES_ERROR;
				GCC_WARN_UNDECLARED_SELECTOR = YES;
				GCC_WARN_UNINITIALIZED_AUTOS = YES_AGGRESSIVE;
				GCC_WARN_UNUSED_FUNCTION = YES;
				GCC_WARN_UNUSED_VARIABLE = YES;
				IPHONEOS_DEPLOYMENT_TARGET = 17.5;
				LOCALIZATION_PREFERS_STRING_CATALOGS = YES;
				MTL_ENABLE_DEBUG_INFO = NO;
				MTL_FAST_MATH = YES;
				SDKROOT = iphoneos;
				SWIFT_COMPILATION_MODE = wholemodule;
				VALIDATE_PRODUCT = YES;
			};
			name = Release;
		};
		284902EC2C92120500CC09A3 /* Debug */ = {
			isa = XCBuildConfiguration;
			buildSettings = {
				ASSETCATALOG_COMPILER_APPICON_NAME = AppIcon;
				ASSETCATALOG_COMPILER_GLOBAL_ACCENT_COLOR_NAME = AccentColor;
				CODE_SIGN_STYLE = Automatic;
				CURRENT_PROJECT_VERSION = 1;
				DEVELOPMENT_ASSET_PATHS = "\"FamilyPurchasesApp/Preview Content\"";
				DEVELOPMENT_TEAM = 934P7ZASD4;
				ENABLE_PREVIEWS = YES;
				GENERATE_INFOPLIST_FILE = YES;
				INFOPLIST_KEY_UIApplicationSceneManifest_Generation = YES;
				INFOPLIST_KEY_UIApplicationSupportsIndirectInputEvents = YES;
				INFOPLIST_KEY_UILaunchScreen_Generation = YES;
				INFOPLIST_KEY_UISupportedInterfaceOrientations_iPad = "UIInterfaceOrientationPortrait UIInterfaceOrientationPortraitUpsideDown UIInterfaceOrientationLandscapeLeft UIInterfaceOrientationLandscapeRight";
				INFOPLIST_KEY_UISupportedInterfaceOrientations_iPhone = "UIInterfaceOrientationPortrait UIInterfaceOrientationLandscapeLeft UIInterfaceOrientationLandscapeRight";
				LD_RUNPATH_SEARCH_PATHS = (
					"$(inherited)",
					"@executable_path/Frameworks",
				);
				MARKETING_VERSION = 1.0;
				PRODUCT_BUNDLE_IDENTIFIER = com.FamilyPurchasesApp;
				PRODUCT_NAME = "$(TARGET_NAME)";
				SWIFT_EMIT_LOC_STRINGS = YES;
				SWIFT_VERSION = 5.0;
				TARGETED_DEVICE_FAMILY = "1,2";
			};
			name = Debug;
		};
		284902ED2C92120500CC09A3 /* Release */ = {
			isa = XCBuildConfiguration;
			buildSettings = {
				ASSETCATALOG_COMPILER_APPICON_NAME = AppIcon;
				ASSETCATALOG_COMPILER_GLOBAL_ACCENT_COLOR_NAME = AccentColor;
				CODE_SIGN_STYLE = Automatic;
				CURRENT_PROJECT_VERSION = 1;
				DEVELOPMENT_ASSET_PATHS = "\"FamilyPurchasesApp/Preview Content\"";
				DEVELOPMENT_TEAM = 934P7ZASD4;
				ENABLE_PREVIEWS = YES;
				GENERATE_INFOPLIST_FILE = YES;
				INFOPLIST_KEY_UIApplicationSceneManifest_Generation = YES;
				INFOPLIST_KEY_UIApplicationSupportsIndirectInputEvents = YES;
				INFOPLIST_KEY_UILaunchScreen_Generation = YES;
				INFOPLIST_KEY_UISupportedInterfaceOrientations_iPad = "UIInterfaceOrientationPortrait UIInterfaceOrientationPortraitUpsideDown UIInterfaceOrientationLandscapeLeft UIInterfaceOrientationLandscapeRight";
				INFOPLIST_KEY_UISupportedInterfaceOrientations_iPhone = "UIInterfaceOrientationPortrait UIInterfaceOrientationLandscapeLeft UIInterfaceOrientationLandscapeRight";
				LD_RUNPATH_SEARCH_PATHS = (
					"$(inherited)",
					"@executable_path/Frameworks",
				);
				MARKETING_VERSION = 1.0;
				PRODUCT_BUNDLE_IDENTIFIER = com.FamilyPurchasesApp;
				PRODUCT_NAME = "$(TARGET_NAME)";
				SWIFT_EMIT_LOC_STRINGS = YES;
				SWIFT_VERSION = 5.0;
				TARGETED_DEVICE_FAMILY = "1,2";
			};
			name = Release;
		};
/* End XCBuildConfiguration section */

/* Begin XCConfigurationList section */
		284902D82C92120400CC09A3 /* Build configuration list for PBXProject "FamilyPurchasesApp" */ = {
			isa = XCConfigurationList;
			buildConfigurations = (
				284902E92C92120500CC09A3 /* Debug */,
				284902EA2C92120500CC09A3 /* Release */,
			);
			defaultConfigurationIsVisible = 0;
			defaultConfigurationName = Release;
		};
		284902EB2C92120500CC09A3 /* Build configuration list for PBXNativeTarget "FamilyPurchasesApp" */ = {
			isa = XCConfigurationList;
			buildConfigurations = (
				284902EC2C92120500CC09A3 /* Debug */,
				284902ED2C92120500CC09A3 /* Release */,
			);
			defaultConfigurationIsVisible = 0;
			defaultConfigurationName = Release;
		};
/* End XCConfigurationList section */
	};
	rootObject = 284902D52C92120400CC09A3 /* Project object */;
}
